// !$*UTF8*$!
{
	archiveVersion = 1;
	classes = {
	};
	objectVersion = 46;
	objects = {

/* Begin PBXBuildFile section */
		4270D7721D630C8A00C5AD5F /* AppDelegate.swift in Sources */ = {isa = PBXBuildFile; fileRef = 4270D7711D630C8A00C5AD5F /* AppDelegate.swift */; };
		4270D7741D630C8A00C5AD5F /* ViewController.swift in Sources */ = {isa = PBXBuildFile; fileRef = 4270D7731D630C8A00C5AD5F /* ViewController.swift */; };
		4270D7771D630C8A00C5AD5F /* Main.storyboard in Resources */ = {isa = PBXBuildFile; fileRef = 4270D7751D630C8A00C5AD5F /* Main.storyboard */; };
		4270D7791D630C8A00C5AD5F /* Assets.xcassets in Resources */ = {isa = PBXBuildFile; fileRef = 4270D7781D630C8A00C5AD5F /* Assets.xcassets */; };
		4270D77C1D630C8A00C5AD5F /* LaunchScreen.storyboard in Resources */ = {isa = PBXBuildFile; fileRef = 4270D77A1D630C8A00C5AD5F /* LaunchScreen.storyboard */; };
/* End PBXBuildFile section */

/* Begin PBXFileReference section */
		4270D76E1D630C8A00C5AD5F /* rpg-oop.app */ = {isa = PBXFileReference; explicitFileType = wrapper.application; includeInIndex = 0; path = "rpg-oop.app"; sourceTree = BUILT_PRODUCTS_DIR; };
		4270D7711D630C8A00C5AD5F /* AppDelegate.swift */ = {isa = PBXFileReference; lastKnownFileType = sourcecode.swift; path = AppDelegate.swift; sourceTree = "<group>"; };
		4270D7731D630C8A00C5AD5F /* ViewController.swift */ = {isa = PBXFileReference; lastKnownFileType = sourcecode.swift; path = ViewController.swift; sourceTree = "<group>"; };
		4270D7761D630C8A00C5AD5F /* Base */ = {isa = PBXFileReference; lastKnownFileType = file.storyboard; name = Base; path = Base.lproj/Main.storyboard; sourceTree = "<group>"; };
		4270D7781D630C8A00C5AD5F /* Assets.xcassets */ = {isa = PBXFileReference; lastKnownFileType = folder.assetcatalog; path = Assets.xcassets; sourceTree = "<group>"; };
		4270D77B1D630C8A00C5AD5F /* Base */ = {isa = PBXFileReference; lastKnownFileType = file.storyboard; name = Base; path = Base.lproj/LaunchScreen.storyboard; sourceTree = "<group>"; };
		4270D77D1D630C8A00C5AD5F /* Info.plist */ = {isa = PBXFileReference; lastKnownFileType = text.plist.xml; path = Info.plist; sourceTree = "<group>"; };
/* End PBXFileReference section */

/* Begin PBXFrameworksBuildPhase section */
		4270D76B1D630C8A00C5AD5F /* Frameworks */ = {
			isa = PBXFrameworksBuildPhase;
			buildActionMask = 2147483647;
			files = (
			);
			runOnlyForDeploymentPostprocessing = 0;
		};
/* End PBXFrameworksBuildPhase section */

/* Begin PBXGroup section */
		4270D7651D630C8A00C5AD5F = {
			isa = PBXGroup;
			children = (
				4270D7701D630C8A00C5AD5F /* rpg-oop */,
				4270D76F1D630C8A00C5AD5F /* Products */,
			);
			sourceTree = "<group>";
		};
		4270D76F1D630C8A00C5AD5F /* Products */ = {
			isa = PBXGroup;
			children = (
				4270D76E1D630C8A00C5AD5F /* rpg-oop.app */,
			);
			name = Products;
			sourceTree = "<group>";
		};
		4270D7701D630C8A00C5AD5F /* rpg-oop */ = {
			isa = PBXGroup;
			children = (
				4270D7711D630C8A00C5AD5F /* AppDelegate.swift */,
				4270D7731D630C8A00C5AD5F /* ViewController.swift */,
				4270D7751D630C8A00C5AD5F /* Main.storyboard */,
				4270D7781D630C8A00C5AD5F /* Assets.xcassets */,
				4270D77A1D630C8A00C5AD5F /* LaunchScreen.storyboard */,
				4270D77D1D630C8A00C5AD5F /* Info.plist */,
			);
			path = "rpg-oop";
			sourceTree = "<group>";
		};
/* End PBXGroup section */

/* Begin PBXNativeTarget section */
		4270D76D1D630C8A00C5AD5F /* rpg-oop */ = {
			isa = PBXNativeTarget;
			buildConfigurationList = 4270D7801D630C8A00C5AD5F /* Build configuration list for PBXNativeTarget "rpg-oop" */;
			buildPhases = (
				4270D76A1D630C8A00C5AD5F /* Sources */,
				4270D76B1D630C8A00C5AD5F /* Frameworks */,
				4270D76C1D630C8A00C5AD5F /* Resources */,
			);
			buildRules = (
			);
			dependencies = (
			);
			name = "rpg-oop";
			productName = "rpg-oop";
			productReference = 4270D76E1D630C8A00C5AD5F /* rpg-oop.app */;
			productType = "com.apple.product-type.application";
		};
/* End PBXNativeTarget section */

/* Begin PBXProject section */
		4270D7661D630C8A00C5AD5F /* Project object */ = {
			isa = PBXProject;
			attributes = {
				LastSwiftUpdateCheck = 0730;
				LastUpgradeCheck = 0730;
				ORGANIZATIONNAME = randyfloranno;
				TargetAttributes = {
					4270D76D1D630C8A00C5AD5F = {
						CreatedOnToolsVersion = 7.3.1;
						DevelopmentTeam = LUA2486PNE;
					};
				};
			};
			buildConfigurationList = 4270D7691D630C8A00C5AD5F /* Build configuration list for PBXProject "rpg-oop" */;
			compatibilityVersion = "Xcode 3.2";
			developmentRegion = English;
			hasScannedForEncodings = 0;
			knownRegions = (
				en,
				Base,
			);
			mainGroup = 4270D7651D630C8A00C5AD5F;
			productRefGroup = 4270D76F1D630C8A00C5AD5F /* Products */;
			projectDirPath = "";
			projectRoot = "";
			targets = (
				4270D76D1D630C8A00C5AD5F /* rpg-oop */,
			);
		};
/* End PBXProject section */

/* Begin PBXResourcesBuildPhase section */
		4270D76C1D630C8A00C5AD5F /* Resources */ = {
			isa = PBXResourcesBuildPhase;
			buildActionMask = 2147483647;
			files = (
				4270D77C1D630C8A00C5AD5F /* LaunchScreen.storyboard in Resources */,
				4270D7791D630C8A00C5AD5F /* Assets.xcassets in Resources */,
				4270D7771D630C8A00C5AD5F /* Main.storyboard in Resources */,
			);
			runOnlyForDeploymentPostprocessing = 0;
		};
/* End PBXResourcesBuildPhase section */

/* Begin PBXSourcesBuildPhase section */
		4270D76A1D630C8A00C5AD5F /* Sources */ = {
			isa = PBXSourcesBuildPhase;
			buildActionMask = 2147483647;
			files = (
				4270D7741D630C8A00C5AD5F /* ViewController.swift in Sources */,
				4270D7721D630C8A00C5AD5F /* AppDelegate.swift in Sources */,
			);
			runOnlyForDeploymentPostprocessing = 0;
		};
/* End PBXSourcesBuildPhase section */

/* Begin PBXVariantGroup section */
		4270D7751D630C8A00C5AD5F /* Main.storyboard */ = {
			isa = PBXVariantGroup;
			children = (
				4270D7761D630C8A00C5AD5F /* Base */,
			);
			name = Main.storyboard;
			sourceTree = "<group>";
		};
		4270D77A1D630C8A00C5AD5F /* LaunchScreen.storyboard */ = {
			isa = PBXVariantGroup;
			children = (
				4270D77B1D630C8A00C5AD5F /* Base */,
			);
			name = LaunchScreen.storyboard;
			sourceTree = "<group>";
		};
/* End PBXVariantGroup section */

/* Begin XCBuildConfiguration section */
		4270D77E1D630C8A00C5AD5F /* Debug */ = {
			isa = XCBuildConfiguration;
			buildSettings = {
				ALWAYS_SEARCH_USER_PATHS = NO;
				CLANG_ANALYZER_NONNULL = YES;
				CLANG_CXX_LANGUAGE_STANDARD = "gnu++0x";
				CLANG_CXX_LIBRARY = "libc++";
				CLANG_ENABLE_MODULES = YES;
				CLANG_ENABLE_OBJC_ARC = YES;
				CLANG_WARN_BOOL_CONVERSION = YES;
				CLANG_WARN_CONSTANT_CONVERSION = YES;
				CLANG_WARN_DIRECT_OBJC_ISA_USAGE = YES_ERROR;
				CLANG_WARN_EMPTY_BODY = YES;
				CLANG_WARN_ENUM_CONVERSION = YES;
				CLANG_WARN_INT_CONVERSION = YES;
				CLANG_WARN_OBJC_ROOT_CLASS = YES_ERROR;
				CLANG_WARN_UNREACHABLE_CODE = YES;
				CLANG_WARN__DUPLICATE_METHOD_MATCH = YES;
				"CODE_SIGN_IDENTITY[sdk=iphoneos*]" = "iPhone Developer";
				COPY_PHASE_STRIP = NO;
				DEBUG_INFORMATION_FORMAT = dwarf;
				ENABLE_STRICT_OBJC_MSGSEND = YES;
				ENABLE_TESTABILITY = YES;
				GCC_C_LANGUAGE_STANDARD = gnu99;
				GCC_DYNAMIC_NO_PIC = NO;
				GCC_NO_COMMON_BLOCKS = YES;
				GCC_OPTIMIZATION_LEVEL = 0;
				GCC_PREPROCESSOR_DEFINITIONS = (
					"DEBUG=1",
					"$(inherited)",
				);
				GCC_WARN_64_TO_32_BIT_CONVERSION = YES;
				GCC_WARN_ABOUT_RETURN_TYPE = YES_ERROR;
				GCC_WARN_UNDECLARED_SELECTOR = YES;
				GCC_WARN_UNINITIALIZED_AUTOS = YES_AGGRESSIVE;
				GCC_WARN_UNUSED_FUNCTION = YES;
				GCC_WARN_UNUSED_VARIABLE = YES;
				IPHONEOS_DEPLOYMENT_TARGET = 9.3;
				MTL_ENABLE_DEBUG_INFO = YES;
				ONLY_ACTIVE_ARCH = YES;
				SDKROOT = iphoneos;
				SWIFT_OPTIMIZATION_LEVEL = "-Onone";
			};
			name = Debug;
		};
		4270D77F1D630C8A00C5AD5F /* Release */ = {
			isa = XCBuildConfiguration;
			buildSettings = {
				ALWAYS_SEARCH_USER_PATHS = NO;
				CLANG_ANALYZER_NONNULL = YES;
				CLANG_CXX_LANGUAGE_STANDARD = "gnu++0x";
				CLANG_CXX_LIBRARY = "libc++";
				CLANG_ENABLE_MODULES = YES;
				CLANG_ENABLE_OBJC_ARC = YES;
				CLANG_WARN_BOOL_CONVERSION = YES;
				CLANG_WARN_CONSTANT_CONVERSION = YES;
				CLANG_WARN_DIRECT_OBJC_ISA_USAGE = YES_ERROR;
				CLANG_WARN_EMPTY_BODY = YES;
				CLANG_WARN_ENUM_CONVERSION = YES;
				CLANG_WARN_INT_CONVERSION = YES;
				CLANG_WARN_OBJC_ROOT_CLASS = YES_ERROR;
				CLANG_WARN_UNREACHABLE_CODE = YES;
				CLANG_WARN__DUPLICATE_METHOD_MATCH = YES;
				"CODE_SIGN_IDENTITY[sdk=iphoneos*]" = "iPhone Developer";
				COPY_PHASE_STRIP = NO;
				DEBUG_INFORMATION_FORMAT = "dwarf-with-dsym";
				ENABLE_NS_ASSERTIONS = NO;
				ENABLE_STRICT_OBJC_MSGSEND = YES;
				GCC_C_LANGUAGE_STANDARD = gnu99;
				GCC_NO_COMMON_BLOCKS = YES;
				GCC_WARN_64_TO_32_BIT_CONVERSION = YES;
				GCC_WARN_ABOUT_RETURN_TYPE = YES_ERROR;
				GCC_WARN_UNDECLARED_SELECTOR = YES;
				GCC_WARN_UNINITIALIZED_AUTOS = YES_AGGRESSIVE;
				GCC_WARN_UNUSED_FUNCTION = YES;
				GCC_WARN_UNUSED_VARIABLE = YES;
				IPHONEOS_DEPLOYMENT_TARGET = 9.3;
				MTL_ENABLE_DEBUG_INFO = NO;
				SDKROOT = iphoneos;
				VALIDATE_PRODUCT = YES;
			};
			name = Release;
		};
		4270D7811D630C8A00C5AD5F /* Debug */ = {
			isa = XCBuildConfiguration;
			buildSettings = {
				ASSETCATALOG_COMPILER_APPICON_NAME = AppIcon;
				INFOPLIST_FILE = "rpg-oop/Info.plist";
				LD_RUNPATH_SEARCH_PATHS = "$(inherited) @executable_path/Frameworks";
				PRODUCT_BUNDLE_IDENTIFIER = "com.randyfloranno.rpg-oop";
				PRODUCT_NAME = "$(TARGET_NAME)";
			};
			name = Debug;
		};
		4270D7821D630C8A00C5AD5F /* Release */ = {
			isa = XCBuildConfiguration;
			buildSettings = {
				ASSETCATALOG_COMPILER_APPICON_NAME = AppIcon;
				INFOPLIST_FILE = "rpg-oop/Info.plist";
				LD_RUNPATH_SEARCH_PATHS = "$(inherited) @executable_path/Frameworks";
				PRODUCT_BUNDLE_IDENTIFIER = "com.randyfloranno.rpg-oop";
				PRODUCT_NAME = "$(TARGET_NAME)";
			};
			name = Release;
		};
/* End XCBuildConfiguration section */

/* Begin XCConfigurationList section */
		4270D7691D630C8A00C5AD5F /* Build configuration list for PBXProject "rpg-oop" */ = {
			isa = XCConfigurationList;
			buildConfigurations = (
				4270D77E1D630C8A00C5AD5F /* Debug */,
				4270D77F1D630C8A00C5AD5F /* Release */,
			);
			defaultConfigurationIsVisible = 0;
			defaultConfigurationName = Release;
		};
		4270D7801D630C8A00C5AD5F /* Build configuration list for PBXNativeTarget "rpg-oop" */ = {
			isa = XCConfigurationList;
			buildConfigurations = (
				4270D7811D630C8A00C5AD5F /* Debug */,
				4270D7821D630C8A00C5AD5F /* Release */,
			);
			defaultConfigurationIsVisible = 0;
		};
/* End XCConfigurationList section */
	};
	rootObject = 4270D7661D630C8A00C5AD5F /* Project object */;
}
